
Microsoft Visual Studio Solution File, Format Version 12.00
# Visual Studio Version 16
VisualStudioVersion = 16.0.31205.134
MinimumVisualStudioVersion = 10.0.40219.1
Project("{FAE04EC0-301F-11D3-BF4B-00C04F79EFBC}") = "Basic", "Basic\Basic.csproj", "{8A71FAB0-5628-4175-95EE-9BFE703EB417}"
EndProject
Global
	GlobalSection(SolutionConfigurationPlatforms) = preSolution
		Debug|Any CPU = Debug|Any CPU
		Release|Any CPU = Release|Any CPU
	EndGlobalSection
	GlobalSection(ProjectConfigurationPlatforms) = postSolution
		{8A71FAB0-5628-4175-95EE-9BFE703EB417}.Debug|Any CPU.ActiveCfg = Debug|Any CPU
		{8A71FAB0-5628-4175-95EE-9BFE703EB417}.Debug|Any CPU.Build.0 = Debug|Any CPU
		{8A71FAB0-5628-4175-95EE-9BFE703EB417}.Release|Any CPU.ActiveCfg = Release|Any CPU
		{8A71FAB0-5628-4175-95EE-9BFE703EB417}.Release|Any CPU.Build.0 = Release|Any CPU
	EndGlobalSection
	GlobalSection(SolutionProperties) = preSolution
		HideSolutionNode = FALSE
	EndGlobalSection
	GlobalSection(ExtensibilityGlobals) = postSolution
		SolutionGuid = {F9FBC015-2C4B-427D-9D87-154FF0B14973}
	EndGlobalSection
EndGlobal
